// !$*UTF8*$!
{
	archiveVersion = 1;
	classes = {
	};
	objectVersion = 46;
	objects = {

/* Begin PBXBuildFile section */
		627FBA851C58BDD100DDF11F /* AppDelegate.swift in Sources */ = {isa = PBXBuildFile; fileRef = 627FBA841C58BDD100DDF11F /* AppDelegate.swift */; };
		627FBA871C58BDD100DDF11F /* GameScene.sks in Resources */ = {isa = PBXBuildFile; fileRef = 627FBA861C58BDD100DDF11F /* GameScene.sks */; };
		627FBA891C58BDD100DDF11F /* GameScene.swift in Sources */ = {isa = PBXBuildFile; fileRef = 627FBA881C58BDD100DDF11F /* GameScene.swift */; };
		627FBA8B1C58BDD100DDF11F /* GameViewController.swift in Sources */ = {isa = PBXBuildFile; fileRef = 627FBA8A1C58BDD100DDF11F /* GameViewController.swift */; };
		627FBA8E1C58BDD100DDF11F /* Main.storyboard in Resources */ = {isa = PBXBuildFile; fileRef = 627FBA8C1C58BDD100DDF11F /* Main.storyboard */; };
		627FBA901C58BDD100DDF11F /* Assets.xcassets in Resources */ = {isa = PBXBuildFile; fileRef = 627FBA8F1C58BDD100DDF11F /* Assets.xcassets */; };
		627FBA931C58BDD100DDF11F /* LaunchScreen.storyboard in Resources */ = {isa = PBXBuildFile; fileRef = 627FBA911C58BDD100DDF11F /* LaunchScreen.storyboard */; };
		627FBA9E1C58BDD100DDF11F /* testSpriteKitTests.swift in Sources */ = {isa = PBXBuildFile; fileRef = 627FBA9D1C58BDD100DDF11F /* testSpriteKitTests.swift */; };
		627FBAA91C58BDD100DDF11F /* testSpriteKitUITests.swift in Sources */ = {isa = PBXBuildFile; fileRef = 627FBAA81C58BDD100DDF11F /* testSpriteKitUITests.swift */; };
/* End PBXBuildFile section */

/* Begin PBXContainerItemProxy section */
		627FBA9A1C58BDD100DDF11F /* PBXContainerItemProxy */ = {
			isa = PBXContainerItemProxy;
			containerPortal = 627FBA791C58BDD000DDF11F /* Project object */;
			proxyType = 1;
			remoteGlobalIDString = 627FBA801C58BDD000DDF11F;
			remoteInfo = testSpriteKit;
		};
		627FBAA51C58BDD100DDF11F /* PBXContainerItemProxy */ = {
			isa = PBXContainerItemProxy;
			containerPortal = 627FBA791C58BDD000DDF11F /* Project object */;
			proxyType = 1;
			remoteGlobalIDString = 627FBA801C58BDD000DDF11F;
			remoteInfo = testSpriteKit;
		};
/* End PBXContainerItemProxy section */

/* Begin PBXFileReference section */
		627FBA811C58BDD000DDF11F /* testSpriteKit.app */ = {isa = PBXFileReference; explicitFileType = wrapper.application; includeInIndex = 0; path = testSpriteKit.app; sourceTree = BUILT_PRODUCTS_DIR; };
		627FBA841C58BDD100DDF11F /* AppDelegate.swift */ = {isa = PBXFileReference; lastKnownFileType = sourcecode.swift; path = AppDelegate.swift; sourceTree = "<group>"; };
		627FBA861C58BDD100DDF11F /* GameScene.sks */ = {isa = PBXFileReference; lastKnownFileType = file.sks; path = GameScene.sks; sourceTree = "<group>"; };
		627FBA881C58BDD100DDF11F /* GameScene.swift */ = {isa = PBXFileReference; lastKnownFileType = sourcecode.swift; path = GameScene.swift; sourceTree = "<group>"; };
		627FBA8A1C58BDD100DDF11F /* GameViewController.swift */ = {isa = PBXFileReference; lastKnownFileType = sourcecode.swift; path = GameViewController.swift; sourceTree = "<group>"; };
		627FBA8D1C58BDD100DDF11F /* Base */ = {isa = PBXFileReference; lastKnownFileType = file.storyboard; name = Base; path = Base.lproj/Main.storyboard; sourceTree = "<group>"; };
		627FBA8F1C58BDD100DDF11F /* Assets.xcassets */ = {isa = PBXFileReference; lastKnownFileType = folder.assetcatalog; path = Assets.xcassets; sourceTree = "<group>"; };
		627FBA921C58BDD100DDF11F /* Base */ = {isa = PBXFileReference; lastKnownFileType = file.storyboard; name = Base; path = Base.lproj/LaunchScreen.storyboard; sourceTree = "<group>"; };
		627FBA941C58BDD100DDF11F /* Info.plist */ = {isa = PBXFileReference; lastKnownFileType = text.plist.xml; path = Info.plist; sourceTree = "<group>"; };
		627FBA991C58BDD100DDF11F /* testSpriteKitTests.xctest */ = {isa = PBXFileReference; explicitFileType = wrapper.cfbundle; includeInIndex = 0; path = testSpriteKitTests.xctest; sourceTree = BUILT_PRODUCTS_DIR; };
		627FBA9D1C58BDD100DDF11F /* testSpriteKitTests.swift */ = {isa = PBXFileReference; lastKnownFileType = sourcecode.swift; path = testSpriteKitTests.swift; sourceTree = "<group>"; };
		627FBA9F1C58BDD100DDF11F /* Info.plist */ = {isa = PBXFileReference; lastKnownFileType = text.plist.xml; path = Info.plist; sourceTree = "<group>"; };
		627FBAA41C58BDD100DDF11F /* testSpriteKitUITests.xctest */ = {isa = PBXFileReference; explicitFileType = wrapper.cfbundle; includeInIndex = 0; path = testSpriteKitUITests.xctest; sourceTree = BUILT_PRODUCTS_DIR; };
		627FBAA81C58BDD100DDF11F /* testSpriteKitUITests.swift */ = {isa = PBXFileReference; lastKnownFileType = sourcecode.swift; path = testSpriteKitUITests.swift; sourceTree = "<group>"; };
		627FBAAA1C58BDD100DDF11F /* Info.plist */ = {isa = PBXFileReference; lastKnownFileType = text.plist.xml; path = Info.plist; sourceTree = "<group>"; };
/* End PBXFileReference section */

/* Begin PBXFrameworksBuildPhase section */
		627FBA7E1C58BDD000DDF11F /* Frameworks */ = {
			isa = PBXFrameworksBuildPhase;
			buildActionMask = 2147483647;
			files = (
			);
			runOnlyForDeploymentPostprocessing = 0;
		};
		627FBA961C58BDD100DDF11F /* Frameworks */ = {
			isa = PBXFrameworksBuildPhase;
			buildActionMask = 2147483647;
			files = (
			);
			runOnlyForDeploymentPostprocessing = 0;
		};
		627FBAA11C58BDD100DDF11F /* Frameworks */ = {
			isa = PBXFrameworksBuildPhase;
			buildActionMask = 2147483647;
			files = (
			);
			runOnlyForDeploymentPostprocessing = 0;
		};
/* End PBXFrameworksBuildPhase section */

/* Begin PBXGroup section */
		627FBA781C58BDD000DDF11F = {
			isa = PBXGroup;
			children = (
				627FBA831C58BDD000DDF11F /* testSpriteKit */,
				627FBA9C1C58BDD100DDF11F /* testSpriteKitTests */,
				627FBAA71C58BDD100DDF11F /* testSpriteKitUITests */,
				627FBA821C58BDD000DDF11F /* Products */,
			);
			sourceTree = "<group>";
		};
		627FBA821C58BDD000DDF11F /* Products */ = {
			isa = PBXGroup;
			children = (
				627FBA811C58BDD000DDF11F /* testSpriteKit.app */,
				627FBA991C58BDD100DDF11F /* testSpriteKitTests.xctest */,
				627FBAA41C58BDD100DDF11F /* testSpriteKitUITests.xctest */,
			);
			name = Products;
			sourceTree = "<group>";
		};
		627FBA831C58BDD000DDF11F /* testSpriteKit */ = {
			isa = PBXGroup;
			children = (
				627FBA841C58BDD100DDF11F /* AppDelegate.swift */,
				627FBA861C58BDD100DDF11F /* GameScene.sks */,
				627FBA881C58BDD100DDF11F /* GameScene.swift */,
				627FBA8A1C58BDD100DDF11F /* GameViewController.swift */,
				627FBA8C1C58BDD100DDF11F /* Main.storyboard */,
				627FBA8F1C58BDD100DDF11F /* Assets.xcassets */,
				627FBA911C58BDD100DDF11F /* LaunchScreen.storyboard */,
				627FBA941C58BDD100DDF11F /* Info.plist */,
			);
			path = testSpriteKit;
			sourceTree = "<group>";
		};
		627FBA9C1C58BDD100DDF11F /* testSpriteKitTests */ = {
			isa = PBXGroup;
			children = (
				627FBA9D1C58BDD100DDF11F /* testSpriteKitTests.swift */,
				627FBA9F1C58BDD100DDF11F /* Info.plist */,
			);
			path = testSpriteKitTests;
			sourceTree = "<group>";
		};
		627FBAA71C58BDD100DDF11F /* testSpriteKitUITests */ = {
			isa = PBXGroup;
			children = (
				627FBAA81C58BDD100DDF11F /* testSpriteKitUITests.swift */,
				627FBAAA1C58BDD100DDF11F /* Info.plist */,
			);
			path = testSpriteKitUITests;
			sourceTree = "<group>";
		};
/* End PBXGroup section */

/* Begin PBXNativeTarget section */
		627FBA801C58BDD000DDF11F /* testSpriteKit */ = {
			isa = PBXNativeTarget;
			buildConfigurationList = 627FBAAD1C58BDD100DDF11F /* Build configuration list for PBXNativeTarget "testSpriteKit" */;
			buildPhases = (
				627FBA7D1C58BDD000DDF11F /* Sources */,
				627FBA7E1C58BDD000DDF11F /* Frameworks */,
				627FBA7F1C58BDD000DDF11F /* Resources */,
			);
			buildRules = (
			);
			dependencies = (
			);
			name = testSpriteKit;
			productName = testSpriteKit;
			productReference = 627FBA811C58BDD000DDF11F /* testSpriteKit.app */;
			productType = "com.apple.product-type.application";
		};
		627FBA981C58BDD100DDF11F /* testSpriteKitTests */ = {
			isa = PBXNativeTarget;
			buildConfigurationList = 627FBAB01C58BDD100DDF11F /* Build configuration list for PBXNativeTarget "testSpriteKitTests" */;
			buildPhases = (
				627FBA951C58BDD100DDF11F /* Sources */,
				627FBA961C58BDD100DDF11F /* Frameworks */,
				627FBA971C58BDD100DDF11F /* Resources */,
			);
			buildRules = (
			);
			dependencies = (
				627FBA9B1C58BDD100DDF11F /* PBXTargetDependency */,
			);
			name = testSpriteKitTests;
			productName = testSpriteKitTests;
			productReference = 627FBA991C58BDD100DDF11F /* testSpriteKitTests.xctest */;
			productType = "com.apple.product-type.bundle.unit-test";
		};
		627FBAA31C58BDD100DDF11F /* testSpriteKitUITests */ = {
			isa = PBXNativeTarget;
			buildConfigurationList = 627FBAB31C58BDD100DDF11F /* Build configuration list for PBXNativeTarget "testSpriteKitUITests" */;
			buildPhases = (
				627FBAA01C58BDD100DDF11F /* Sources */,
				627FBAA11C58BDD100DDF11F /* Frameworks */,
				627FBAA21C58BDD100DDF11F /* Resources */,
			);
			buildRules = (
			);
			dependencies = (
				627FBAA61C58BDD100DDF11F /* PBXTargetDependency */,
			);
			name = testSpriteKitUITests;
			productName = testSpriteKitUITests;
			productReference = 627FBAA41C58BDD100DDF11F /* testSpriteKitUITests.xctest */;
			productType = "com.apple.product-type.bundle.ui-testing";
		};
/* End PBXNativeTarget section */

/* Begin PBXProject section */
		627FBA791C58BDD000DDF11F /* Project object */ = {
			isa = PBXProject;
			attributes = {
				LastSwiftUpdateCheck = 0720;
				LastUpgradeCheck = 0720;
				ORGANIZATIONNAME = TAC;
				TargetAttributes = {
					627FBA801C58BDD000DDF11F = {
						CreatedOnToolsVersion = 7.2;
					};
					627FBA981C58BDD100DDF11F = {
						CreatedOnToolsVersion = 7.2;
						TestTargetID = 627FBA801C58BDD000DDF11F;
					};
					627FBAA31C58BDD100DDF11F = {
						CreatedOnToolsVersion = 7.2;
						TestTargetID = 627FBA801C58BDD000DDF11F;
					};
				};
			};
			buildConfigurationList = 627FBA7C1C58BDD000DDF11F /* Build configuration list for PBXProject "testSpriteKit" */;
			compatibilityVersion = "Xcode 3.2";
			developmentRegion = English;
			hasScannedForEncodings = 0;
			knownRegions = (
				en,
				Base,
			);
			mainGroup = 627FBA781C58BDD000DDF11F;
			productRefGroup = 627FBA821C58BDD000DDF11F /* Products */;
			projectDirPath = "";
			projectRoot = "";
			targets = (
				627FBA801C58BDD000DDF11F /* testSpriteKit */,
				627FBA981C58BDD100DDF11F /* testSpriteKitTests */,
				627FBAA31C58BDD100DDF11F /* testSpriteKitUITests */,
			);
		};
/* End PBXProject section */

/* Begin PBXResourcesBuildPhase section */
		627FBA7F1C58BDD000DDF11F /* Resources */ = {
			isa = PBXResourcesBuildPhase;
			buildActionMask = 2147483647;
			files = (
				627FBA871C58BDD100DDF11F /* GameScene.sks in Resources */,
				627FBA931C58BDD100DDF11F /* LaunchScreen.storyboard in Resources */,
				627FBA901C58BDD100DDF11F /* Assets.xcassets in Resources */,
				627FBA8E1C58BDD100DDF11F /* Main.storyboard in Resources */,
			);
			runOnlyForDeploymentPostprocessing = 0;
		};
		627FBA971C58BDD100DDF11F /* Resources */ = {
			isa = PBXResourcesBuildPhase;
			buildActionMask = 2147483647;
			files = (
			);
			runOnlyForDeploymentPostprocessing = 0;
		};
		627FBAA21C58BDD100DDF11F /* Resources */ = {
			isa = PBXResourcesBuildPhase;
			buildActionMask = 2147483647;
			files = (
			);
			runOnlyForDeploymentPostprocessing = 0;
		};
/* End PBXResourcesBuildPhase section */

/* Begin PBXSourcesBuildPhase section */
		627FBA7D1C58BDD000DDF11F /* Sources */ = {
			isa = PBXSourcesBuildPhase;
			buildActionMask = 2147483647;
			files = (
				627FBA891C58BDD100DDF11F /* GameScene.swift in Sources */,
				627FBA8B1C58BDD100DDF11F /* GameViewController.swift in Sources */,
				627FBA851C58BDD100DDF11F /* AppDelegate.swift in Sources */,
			);
			runOnlyForDeploymentPostprocessing = 0;
		};
		627FBA951C58BDD100DDF11F /* Sources */ = {
			isa = PBXSourcesBuildPhase;
			buildActionMask = 2147483647;
			files = (
				627FBA9E1C58BDD100DDF11F /* testSpriteKitTests.swift in Sources */,
			);
			runOnlyForDeploymentPostprocessing = 0;
		};
		627FBAA01C58BDD100DDF11F /* Sources */ = {
			isa = PBXSourcesBuildPhase;
			buildActionMask = 2147483647;
			files = (
				627FBAA91C58BDD100DDF11F /* testSpriteKitUITests.swift in Sources */,
			);
			runOnlyForDeploymentPostprocessing = 0;
		};
/* End PBXSourcesBuildPhase section */

/* Begin PBXTargetDependency section */
		627FBA9B1C58BDD100DDF11F /* PBXTargetDependency */ = {
			isa = PBXTargetDependency;
			target = 627FBA801C58BDD000DDF11F /* testSpriteKit */;
			targetProxy = 627FBA9A1C58BDD100DDF11F /* PBXContainerItemProxy */;
		};
		627FBAA61C58BDD100DDF11F /* PBXTargetDependency */ = {
			isa = PBXTargetDependency;
			target = 627FBA801C58BDD000DDF11F /* testSpriteKit */;
			targetProxy = 627FBAA51C58BDD100DDF11F /* PBXContainerItemProxy */;
		};
/* End PBXTargetDependency section */

/* Begin PBXVariantGroup section */
		627FBA8C1C58BDD100DDF11F /* Main.storyboard */ = {
			isa = PBXVariantGroup;
			children = (
				627FBA8D1C58BDD100DDF11F /* Base */,
			);
			name = Main.storyboard;
			sourceTree = "<group>";
		};
		627FBA911C58BDD100DDF11F /* LaunchScreen.storyboard */ = {
			isa = PBXVariantGroup;
			children = (
				627FBA921C58BDD100DDF11F /* Base */,
			);
			name = LaunchScreen.storyboard;
			sourceTree = "<group>";
		};
/* End PBXVariantGroup section */

/* Begin XCBuildConfiguration section */
		627FBAAB1C58BDD100DDF11F /* Debug */ = {
			isa = XCBuildConfiguration;
			buildSettings = {
				ALWAYS_SEARCH_USER_PATHS = NO;
				CLANG_CXX_LANGUAGE_STANDARD = "gnu++0x";
				CLANG_CXX_LIBRARY = "libc++";
				CLANG_ENABLE_MODULES = YES;
				CLANG_ENABLE_OBJC_ARC = YES;
				CLANG_WARN_BOOL_CONVERSION = YES;
				CLANG_WARN_CONSTANT_CONVERSION = YES;
				CLANG_WARN_DIRECT_OBJC_ISA_USAGE = YES_ERROR;
				CLANG_WARN_EMPTY_BODY = YES;
				CLANG_WARN_ENUM_CONVERSION = YES;
				CLANG_WARN_INT_CONVERSION = YES;
				CLANG_WARN_OBJC_ROOT_CLASS = YES_ERROR;
				CLANG_WARN_UNREACHABLE_CODE = YES;
				CLANG_WARN__DUPLICATE_METHOD_MATCH = YES;
				"CODE_SIGN_IDENTITY[sdk=iphoneos*]" = "iPhone Developer";
				COPY_PHASE_STRIP = NO;
				DEBUG_INFORMATION_FORMAT = "dwarf-with-dsym";
				ENABLE_STRICT_OBJC_MSGSEND = YES;
				ENABLE_TESTABILITY = YES;
				GCC_C_LANGUAGE_STANDARD = gnu99;
				GCC_DYNAMIC_NO_PIC = NO;
				GCC_NO_COMMON_BLOCKS = YES;
				GCC_OPTIMIZATION_LEVEL = 0;
				GCC_PREPROCESSOR_DEFINITIONS = (
					"DEBUG=1",
					"$(inherited)",
				);
				GCC_WARN_64_TO_32_BIT_CONVERSION = YES;
				GCC_WARN_ABOUT_RETURN_TYPE = YES_ERROR;
				GCC_WARN_UNDECLARED_SELECTOR = YES;
				GCC_WARN_UNINITIALIZED_AUTOS = YES_AGGRESSIVE;
				GCC_WARN_UNUSED_FUNCTION = YES;
				GCC_WARN_UNUSED_VARIABLE = YES;
				IPHONEOS_DEPLOYMENT_TARGET = 9.2;
				MTL_ENABLE_DEBUG_INFO = YES;
				ONLY_ACTIVE_ARCH = YES;
				SDKROOT = iphoneos;
				SWIFT_OPTIMIZATION_LEVEL = "-Onone";
			};
			name = Debug;
		};
		627FBAAC1C58BDD100DDF11F /* Release */ = {
			isa = XCBuildConfiguration;
			buildSettings = {
				ALWAYS_SEARCH_USER_PATHS = NO;
				CLANG_CXX_LANGUAGE_STANDARD = "gnu++0x";
				CLANG_CXX_LIBRARY = "libc++";
				CLANG_ENABLE_MODULES = YES;
				CLANG_ENABLE_OBJC_ARC = YES;
				CLANG_WARN_BOOL_CONVERSION = YES;
				CLANG_WARN_CONSTANT_CONVERSION = YES;
				CLANG_WARN_DIRECT_OBJC_ISA_USAGE = YES_ERROR;
				CLANG_WARN_EMPTY_BODY = YES;
				CLANG_WARN_ENUM_CONVERSION = YES;
				CLANG_WARN_INT_CONVERSION = YES;
				CLANG_WARN_OBJC_ROOT_CLASS = YES_ERROR;
				CLANG_WARN_UNREACHABLE_CODE = YES;
				CLANG_WARN__DUPLICATE_METHOD_MATCH = YES;
				"CODE_SIGN_IDENTITY[sdk=iphoneos*]" = "iPhone Developer";
				COPY_PHASE_STRIP = NO;
				DEBUG_INFORMATION_FORMAT = "dwarf-with-dsym";
				ENABLE_NS_ASSERTIONS = NO;
				ENABLE_STRICT_OBJC_MSGSEND = YES;
				GCC_C_LANGUAGE_STANDARD = gnu99;
				GCC_NO_COMMON_BLOCKS = YES;
				GCC_WARN_64_TO_32_BIT_CONVERSION = YES;
				GCC_WARN_ABOUT_RETURN_TYPE = YES_ERROR;
				GCC_WARN_UNDECLARED_SELECTOR = YES;
				GCC_WARN_UNINITIALIZED_AUTOS = YES_AGGRESSIVE;
				GCC_WARN_UNUSED_FUNCTION = YES;
				GCC_WARN_UNUSED_VARIABLE = YES;
				IPHONEOS_DEPLOYMENT_TARGET = 9.2;
				MTL_ENABLE_DEBUG_INFO = NO;
				SDKROOT = iphoneos;
				VALIDATE_PRODUCT = YES;
			};
			name = Release;
		};
		627FBAAE1C58BDD100DDF11F /* Debug */ = {
			isa = XCBuildConfiguration;
			buildSettings = {
				ASSETCATALOG_COMPILER_APPICON_NAME = AppIcon;
				INFOPLIST_FILE = testSpriteKit/Info.plist;
				LD_RUNPATH_SEARCH_PATHS = "$(inherited) @executable_path/Frameworks";
				PRODUCT_BUNDLE_IDENTIFIER = com.fowafolo.testSpriteKit;
				PRODUCT_NAME = "$(TARGET_NAME)";
			};
			name = Debug;
		};
		627FBAAF1C58BDD100DDF11F /* Release */ = {
			isa = XCBuildConfiguration;
			buildSettings = {
				ASSETCATALOG_COMPILER_APPICON_NAME = AppIcon;
				INFOPLIST_FILE = testSpriteKit/Info.plist;
				LD_RUNPATH_SEARCH_PATHS = "$(inherited) @executable_path/Frameworks";
				PRODUCT_BUNDLE_IDENTIFIER = com.fowafolo.testSpriteKit;
				PRODUCT_NAME = "$(TARGET_NAME)";
			};
			name = Release;
		};
		627FBAB11C58BDD100DDF11F /* Debug */ = {
			isa = XCBuildConfiguration;
			buildSettings = {
				BUNDLE_LOADER = "$(TEST_HOST)";
				DEBUG_INFORMATION_FORMAT = dwarf;
				INFOPLIST_FILE = testSpriteKitTests/Info.plist;
				LD_RUNPATH_SEARCH_PATHS = "$(inherited) @executable_path/Frameworks @loader_path/Frameworks";
				PRODUCT_BUNDLE_IDENTIFIER = com.fowafolo.testSpriteKitTests;
				PRODUCT_NAME = "$(TARGET_NAME)";
				TEST_HOST = "$(BUILT_PRODUCTS_DIR)/testSpriteKit.app/testSpriteKit";
			};
			name = Debug;
		};
		627FBAB21C58BDD100DDF11F /* Release */ = {
			isa = XCBuildConfiguration;
			buildSettings = {
				BUNDLE_LOADER = "$(TEST_HOST)";
				INFOPLIST_FILE = testSpriteKitTests/Info.plist;
				LD_RUNPATH_SEARCH_PATHS = "$(inherited) @executable_path/Frameworks @loader_path/Frameworks";
				PRODUCT_BUNDLE_IDENTIFIER = com.fowafolo.testSpriteKitTests;
				PRODUCT_NAME = "$(TARGET_NAME)";
				TEST_HOST = "$(BUILT_PRODUCTS_DIR)/testSpriteKit.app/testSpriteKit";
			};
			name = Release;
		};
		627FBAB41C58BDD100DDF11F /* Debug */ = {
			isa = XCBuildConfiguration;
			buildSettings = {
				DEBUG_INFORMATION_FORMAT = dwarf;
				INFOPLIST_FILE = testSpriteKitUITests/Info.plist;
				LD_RUNPATH_SEARCH_PATHS = "$(inherited) @executable_path/Frameworks @loader_path/Frameworks";
				PRODUCT_BUNDLE_IDENTIFIER = com.fowafolo.testSpriteKitUITests;
				PRODUCT_NAME = "$(TARGET_NAME)";
				TEST_TARGET_NAME = testSpriteKit;
				USES_XCTRUNNER = YES;
			};
			name = Debug;
		};
		627FBAB51C58BDD100DDF11F /* Release */ = {
			isa = XCBuildConfiguration;
			buildSettings = {
				INFOPLIST_FILE = testSpriteKitUITests/Info.plist;
				LD_RUNPATH_SEARCH_PATHS = "$(inherited) @executable_path/Frameworks @loader_path/Frameworks";
				PRODUCT_BUNDLE_IDENTIFIER = com.fowafolo.testSpriteKitUITests;
				PRODUCT_NAME = "$(TARGET_NAME)";
				TEST_TARGET_NAME = testSpriteKit;
				USES_XCTRUNNER = YES;
			};
			name = Release;
		};
/* End XCBuildConfiguration section */

/* Begin XCConfigurationList section */
		627FBA7C1C58BDD000DDF11F /* Build configuration list for PBXProject "testSpriteKit" */ = {
			isa = XCConfigurationList;
			buildConfigurations = (
				627FBAAB1C58BDD100DDF11F /* Debug */,
				627FBAAC1C58BDD100DDF11F /* Release */,
			);
			defaultConfigurationIsVisible = 0;
			defaultConfigurationName = Release;
		};
		627FBAAD1C58BDD100DDF11F /* Build configuration list for PBXNativeTarget "testSpriteKit" */ = {
			isa = XCConfigurationList;
			buildConfigurations = (
				627FBAAE1C58BDD100DDF11F /* Debug */,
				627FBAAF1C58BDD100DDF11F /* Release */,
			);
			defaultConfigurationIsVisible = 0;
		};
		627FBAB01C58BDD100DDF11F /* Build configuration list for PBXNativeTarget "testSpriteKitTests" */ = {
			isa = XCConfigurationList;
			buildConfigurations = (
				627FBAB11C58BDD100DDF11F /* Debug */,
				627FBAB21C58BDD100DDF11F /* Release */,
			);
			defaultConfigurationIsVisible = 0;
		};
		627FBAB31C58BDD100DDF11F /* Build configuration list for PBXNativeTarget "testSpriteKitUITests" */ = {
			isa = XCConfigurationList;
			buildConfigurations = (
				627FBAB41C58BDD100DDF11F /* Debug */,
				627FBAB51C58BDD100DDF11F /* Release */,
			);
			defaultConfigurationIsVisible = 0;
		};
/* End XCConfigurationList section */
	};
	rootObject = 627FBA791C58BDD000DDF11F /* Project object */;
}
